
Microsoft Visual Studio Solution File, Format Version 12.00
# Visual Studio Version 16
VisualStudioVersion = 16.0.28803.202
MinimumVisualStudioVersion = 10.0.40219.1
Project("{FAE04EC0-301F-11D3-BF4B-00C04F79EFBC}") = "Anagramma", "Anagramma\Anagramma.csproj", "{8E492939-707C-4790-8501-F6DBA5905375}"
EndProject
Global
	GlobalSection(SolutionConfigurationPlatforms) = preSolution
		Debug|Any CPU = Debug|Any CPU
		Release|Any CPU = Release|Any CPU
	EndGlobalSection
	GlobalSection(ProjectConfigurationPlatforms) = postSolution
		{8E492939-707C-4790-8501-F6DBA5905375}.Debug|Any CPU.ActiveCfg = Debug|Any CPU
		{8E492939-707C-4790-8501-F6DBA5905375}.Debug|Any CPU.Build.0 = Debug|Any CPU
		{8E492939-707C-4790-8501-F6DBA5905375}.Release|Any CPU.ActiveCfg = Release|Any CPU
		{8E492939-707C-4790-8501-F6DBA5905375}.Release|Any CPU.Build.0 = Release|Any CPU
	EndGlobalSection
	GlobalSection(SolutionProperties) = preSolution
		HideSolutionNode = FALSE
	EndGlobalSection
	GlobalSection(ExtensibilityGlobals) = postSolution
		SolutionGuid = {493E7389-7F23-43FD-B6FA-5D3C6DA682D0}
	EndGlobalSection
EndGlobal
